
Microsoft Visual Studio Solution File, Format Version 12.00
# Visual Studio Version 17
VisualStudioVersion = 17.5.33530.505
MinimumVisualStudioVersion = 10.0.40219.1
Project("{FAE04EC0-301F-11D3-BF4B-00C04F79EFBC}") = "AIGC_Direct", "AIGC_Direct\AIGC_Direct.csproj", "{E690DD3D-880E-4C19-94F5-FB3981DA4A36}"
EndProject
Global
	GlobalSection(SolutionConfigurationPlatforms) = preSolution
		Debug|Any CPU = Debug|Any CPU
		Release|Any CPU = Release|Any CPU
	EndGlobalSection
	GlobalSection(ProjectConfigurationPlatforms) = postSolution
		{E690DD3D-880E-4C19-94F5-FB3981DA4A36}.Debug|Any CPU.ActiveCfg = Debug|Any CPU
		{E690DD3D-880E-4C19-94F5-FB3981DA4A36}.Debug|Any CPU.Build.0 = Debug|Any CPU
		{E690DD3D-880E-4C19-94F5-FB3981DA4A36}.Release|Any CPU.ActiveCfg = Release|Any CPU
		{E690DD3D-880E-4C19-94F5-FB3981DA4A36}.Release|Any CPU.Build.0 = Release|Any CPU
	EndGlobalSection
	GlobalSection(SolutionProperties) = preSolution
		HideSolutionNode = FALSE
	EndGlobalSection
	GlobalSection(ExtensibilityGlobals) = postSolution
		SolutionGuid = {D611E7AC-113D-4A5E-944E-56DA28952043}
	EndGlobalSection
EndGlobal
